# THIS IS AN AUTOGENERATED FILE. DO NOT EDIT THIS FILE DIRECTLY.
# yarn lockfile v1


accepts@1.0.0:
  version "1.0.0"
  resolved "https://registry.yarnpkg.com/accepts/-/accepts-1.0.0.tgz#3604c765586c3b9cf7877b6937cdbd4587f947dc"
  dependencies:
    mime "~1.2.11"
    negotiator "~0.3.0"

amdefine@>=0.0.4:
  version "1.0.1"
  resolved "https://registry.yarnpkg.com/amdefine/-/amdefine-1.0.1.tgz#4a5282ac164729e93619bcfd3ad151f817ce91f5"

async@~0.2.6:
  version "0.2.10"
  resolved "https://registry.yarnpkg.com/async/-/async-0.2.10.tgz#b6bbe0b0674b9d719708ca38de8c237cb526c3d1"

balanced-match@^1.0.0:
  version "1.0.0"
  resolved "https://registry.yarnpkg.com/balanced-match/-/balanced-match-1.0.0.tgz#89b4d199ab2bee49de164ea02b89ce462d71b767"

body-parser@~1.0.0:
  version "1.0.2"
  resolved "https://registry.yarnpkg.com/body-parser/-/body-parser-1.0.2.tgz#3461479a3278fe00fcaebec3314bb54fc4f7b47c"
  dependencies:
    qs "~0.6.6"
    raw-body "~1.1.2"
    type-is "~1.1.0"

brace-expansion@^1.1.7:
  version "1.1.8"
  resolved "https://registry.yarnpkg.com/brace-expansion/-/brace-expansion-1.1.8.tgz#c07b211c7c952ec1f8efd51a77ef0d1d3990a292"
  dependencies:
    balanced-match "^1.0.0"
    concat-map "0.0.1"

buffer-crc32@0.2.1:
  version "0.2.1"
  resolved "https://registry.yarnpkg.com/buffer-crc32/-/buffer-crc32-0.2.1.tgz#be3e5382fc02b6d6324956ac1af98aa98b08534c"

bytes@0.3.0:
  version "0.3.0"
  resolved "https://registry.yarnpkg.com/bytes/-/bytes-0.3.0.tgz#78e2e0e28c7f9c7b988ea8aee0db4d5fa9941935"

bytes@1:
  version "1.0.0"
  resolved "https://registry.yarnpkg.com/bytes/-/bytes-1.0.0.tgz#3569ede8ba34315fab99c3e92cb04c7220de1fa8"

camelcase@^1.0.2:
  version "1.2.1"
  resolved "https://registry.yarnpkg.com/camelcase/-/camelcase-1.2.1.tgz#9bb5304d2e0b56698b2c758b08a3eaa9daa58a39"

character-parser@1.2.0:
  version "1.2.0"
  resolved "https://registry.yarnpkg.com/character-parser/-/character-parser-1.2.0.tgz#94134d6e5d870a39be359f7d22460935184ddef6"

commander@2.1.0:
  version "2.1.0"
  resolved "https://registry.yarnpkg.com/commander/-/commander-2.1.0.tgz#d121bbae860d9992a3d517ba96f56588e47c6781"

concat-map@0.0.1:
  version "0.0.1"
  resolved "https://registry.yarnpkg.com/concat-map/-/concat-map-0.0.1.tgz#d8a96bd77fd68df7793a73036a3ba0d5405d477b"

constantinople@~2.0.0:
  version "2.0.1"
  resolved "https://registry.yarnpkg.com/constantinople/-/constantinople-2.0.1.tgz#5829f856f301a9bdb107d935f77d8eb8ccec4c79"
  dependencies:
    uglify-js "~2.4.0"

cookie-parser@~1.0.1:
  version "1.0.1"
  resolved "https://registry.yarnpkg.com/cookie-parser/-/cookie-parser-1.0.1.tgz#17bd622c9717cd0858a912a9fef4c0362360a7b0"
  dependencies:
    cookie "0.1.0"
    cookie-signature "1.0.3"

cookie-signature@1.0.3:
  version "1.0.3"
  resolved "https://registry.yarnpkg.com/cookie-signature/-/cookie-signature-1.0.3.tgz#91cd997cc51fb641595738c69cda020328f50ff9"

cookie@0.1.0:
  version "0.1.0"
  resolved "https://registry.yarnpkg.com/cookie/-/cookie-0.1.0.tgz#90eb469ddce905c866de687efc43131d8801f9d0"

css-parse@1.0.4:
  version "1.0.4"
  resolved "https://registry.yarnpkg.com/css-parse/-/css-parse-1.0.4.tgz#38b0503fbf9da9f54e9c1dbda60e145c77117bdd"

css-stringify@1.0.5:
  version "1.0.5"
  resolved "https://registry.yarnpkg.com/css-stringify/-/css-stringify-1.0.5.tgz#b0d042946db2953bb9d292900a6cb5f6d0122031"

css@~1.0.8:
  version "1.0.8"
  resolved "https://registry.yarnpkg.com/css/-/css-1.0.8.tgz#9386811ca82bccc9ee7fb5a732b1e2a317c8a3e7"
  dependencies:
    css-parse "1.0.4"
    css-stringify "1.0.5"

debug@*, "debug@>= 0.7.3 < 1", debug@~0.7.4:
  version "0.7.4"
  resolved "https://registry.yarnpkg.com/debug/-/debug-0.7.4.tgz#06e1ea8082c2cb14e39806e22e2f6f757f92af39"

decamelize@^1.0.0:
  version "1.2.0"
  resolved "https://registry.yarnpkg.com/decamelize/-/decamelize-1.2.0.tgz#f6534d15148269b20352e7bee26f501f9a191290"

escape-html@1.0.1:
  version "1.0.1"
  resolved "https://registry.yarnpkg.com/escape-html/-/escape-html-1.0.1.tgz#181a286ead397a39a92857cfb1d43052e356bff0"

express@~4.0.0:
  version "4.0.0"
  resolved "https://registry.yarnpkg.com/express/-/express-4.0.0.tgz#274dc82933c9f574cc38a0ce5ea8172be9c6b094"
  dependencies:
    accepts "1.0.0"
    buffer-crc32 "0.2.1"
    cookie "0.1.0"
    cookie-signature "1.0.3"
    debug ">= 0.7.3 < 1"
    escape-html "1.0.1"
    fresh "0.2.2"
    merge-descriptors "0.0.2"
    methods "0.1.0"
    parseurl "1.0.1"
    path-to-regexp "0.1.2"
    qs "0.6.6"
    range-parser "1.0.0"
    send "0.2.0"
    serve-static "1.0.1"
    type-is "1.0.0"
    utils-merge "1.0.0"

fresh@0.2.0:
  version "0.2.0"
  resolved "https://registry.yarnpkg.com/fresh/-/fresh-0.2.0.tgz#bfd9402cf3df12c4a4c310c79f99a3dde13d34a7"

fresh@0.2.2:
  version "0.2.2"
  resolved "https://registry.yarnpkg.com/fresh/-/fresh-0.2.2.tgz#9731dcf5678c7faeb44fb903c4f72df55187fa77"

fresh@~0.2.1:
  version "0.2.4"
  resolved "https://registry.yarnpkg.com/fresh/-/fresh-0.2.4.tgz#3582499206c9723714190edd74b4604feb4a614c"

is-promise@~1:
  version "1.0.1"
  resolved "https://registry.yarnpkg.com/is-promise/-/is-promise-1.0.1.tgz#31573761c057e33c2e91aab9e96da08cefbe76e5"

jade@~1.3.0:
  version "1.3.1"
  resolved "https://registry.yarnpkg.com/jade/-/jade-1.3.1.tgz#7483d848b8714dc50a40da98b0409790b374216b"
  dependencies:
    character-parser "1.2.0"
    commander "2.1.0"
    constantinople "~2.0.0"
    mkdirp "~0.3.5"
    monocle "1.1.51"
    transformers "2.1.0"
    with "~3.0.0"

merge-descriptors@0.0.2:
  version "0.0.2"
  resolved "https://registry.yarnpkg.com/merge-descriptors/-/merge-descriptors-0.0.2.tgz#c36a52a781437513c57275f39dd9d317514ac8c7"

methods@0.1.0:
  version "0.1.0"
  resolved "https://registry.yarnpkg.com/methods/-/methods-0.1.0.tgz#335d429eefd21b7bacf2e9c922a8d2bd14a30e4f"

mime@~1.2.11, mime@~1.2.9:
  version "1.2.11"
  resolved "https://registry.yarnpkg.com/mime/-/mime-1.2.11.tgz#58203eed86e3a5ef17aed2b7d9ebd47f0a60dd10"

minimatch@>=0.2.4:
  version "3.0.4"
  resolved "https://registry.yarnpkg.com/minimatch/-/minimatch-3.0.4.tgz#5166e286457f03306064be5497e8dbb0c3d32083"
  dependencies:
    brace-expansion "^1.1.7"

mkdirp@~0.3.5:
  version "0.3.5"
  resolved "https://registry.yarnpkg.com/mkdirp/-/mkdirp-0.3.5.tgz#de3e5f8961c88c787ee1368df849ac4413eca8d7"

monocle@1.1.51:
  version "1.1.51"
  resolved "https://registry.yarnpkg.com/monocle/-/monocle-1.1.51.tgz#22ed16e112e9b056769c5ccac920e375249d89c0"
  dependencies:
    readdirp "~0.2.3"

morgan@~1.0.0:
  version "1.0.1"
  resolved "https://registry.yarnpkg.com/morgan/-/morgan-1.0.1.tgz#8250a5d711de625453022945344d4d6762630c64"
  dependencies:
    bytes "0.3.0"

negotiator@~0.3.0:
  version "0.3.0"
  resolved "https://registry.yarnpkg.com/negotiator/-/negotiator-0.3.0.tgz#706d692efeddf574d57ea9fb1ab89a4fa7ee8f60"

optimist@~0.3.5:
  version "0.3.7"
  resolved "https://registry.yarnpkg.com/optimist/-/optimist-0.3.7.tgz#c90941ad59e4273328923074d2cf2e7cbc6ec0d9"
  dependencies:
    wordwrap "~0.0.2"

parseurl@1.0.1:
  version "1.0.1"
  resolved "https://registry.yarnpkg.com/parseurl/-/parseurl-1.0.1.tgz#2e57dce6efdd37c3518701030944c22bf388b7b4"

path-to-regexp@0.1.2:
  version "0.1.2"
  resolved "https://registry.yarnpkg.com/path-to-regexp/-/path-to-regexp-0.1.2.tgz#9b2b151f9cc3018c9eea50ca95729e05781712b4"

promise@~2.0:
  version "2.0.0"
  resolved "https://registry.yarnpkg.com/promise/-/promise-2.0.0.tgz#46648aa9d605af5d2e70c3024bf59436da02b80e"
  dependencies:
    is-promise "~1"

qs@0.6.6, qs@~0.6.6:
  version "0.6.6"
  resolved "https://registry.yarnpkg.com/qs/-/qs-0.6.6.tgz#6e015098ff51968b8a3c819001d5f2c89bc4b107"

range-parser@0.0.4:
  version "0.0.4"
  resolved "https://registry.yarnpkg.com/range-parser/-/range-parser-0.0.4.tgz#c0427ffef51c10acba0782a46c9602e744ff620b"

range-parser@1.0.0:
  version "1.0.0"
  resolved "https://registry.yarnpkg.com/range-parser/-/range-parser-1.0.0.tgz#a4b264cfe0be5ce36abe3765ac9c2a248746dbc0"

range-parser@~1.0.0:
  version "1.0.3"
  resolved "https://registry.yarnpkg.com/range-parser/-/range-parser-1.0.3.tgz#6872823535c692e2c2a0103826afd82c2e0ff175"

raw-body@~1.1.2:
  version "1.1.7"
  resolved "https://registry.yarnpkg.com/raw-body/-/raw-body-1.1.7.tgz#1d027c2bfa116acc6623bca8f00016572a87d425"
  dependencies:
    bytes "1"
    string_decoder "0.10"

readdirp@~0.2.3:
  version "0.2.5"
  resolved "https://registry.yarnpkg.com/readdirp/-/readdirp-0.2.5.tgz#c4c276e52977ae25db5191fe51d008550f15d9bb"
  dependencies:
    minimatch ">=0.2.4"

send@0.1.4:
  version "0.1.4"
  resolved "https://registry.yarnpkg.com/send/-/send-0.1.4.tgz#be70d8d1be01de61821af13780b50345a4f71abd"
  dependencies:
    debug "*"
    fresh "0.2.0"
    mime "~1.2.9"
    range-parser "0.0.4"

send@0.2.0:
  version "0.2.0"
  resolved "https://registry.yarnpkg.com/send/-/send-0.2.0.tgz#067abf45cff8bffb29cbdb7439725b32388a2c58"
  dependencies:
    debug "*"
    fresh "~0.2.1"
    mime "~1.2.9"
    range-parser "~1.0.0"

serve-static@1.0.1:
  version "1.0.1"
  resolved "https://registry.yarnpkg.com/serve-static/-/serve-static-1.0.1.tgz#10dcbfd44b3e0291a131fc9ab4ab25a9f5a78a42"
  dependencies:
    send "0.1.4"

source-map@0.1.34:
  version "0.1.34"
  resolved "https://registry.yarnpkg.com/source-map/-/source-map-0.1.34.tgz#a7cfe89aec7b1682c3b198d0acfb47d7d090566b"
  dependencies:
    amdefine ">=0.0.4"

source-map@~0.1.7:
  version "0.1.43"
  resolved "https://registry.yarnpkg.com/source-map/-/source-map-0.1.43.tgz#c24bc146ca517c1471f5dacbe2571b2b7f9e3346"
  dependencies:
    amdefine ">=0.0.4"

static-favicon@~1.0.0:
  version "1.0.2"
  resolved "https://registry.yarnpkg.com/static-favicon/-/static-favicon-1.0.2.tgz#7c15920dda2bf33f414b0e60aebbd65cdd2a1d2f"

string_decoder@0.10:
  version "0.10.31"
  resolved "https://registry.yarnpkg.com/string_decoder/-/string_decoder-0.10.31.tgz#62e203bc41766c6c28c9fc84301dab1c5310fa94"

transformers@2.1.0:
  version "2.1.0"
  resolved "https://registry.yarnpkg.com/transformers/-/transformers-2.1.0.tgz#5d23cb35561dd85dc67fb8482309b47d53cce9a7"
  dependencies:
    css "~1.0.8"
    promise "~2.0"
    uglify-js "~2.2.5"

type-is@1.0.0:
  version "1.0.0"
  resolved "https://registry.yarnpkg.com/type-is/-/type-is-1.0.0.tgz#4ff424e97349a1ee1910b4bfc488595ecdc443fc"
  dependencies:
    mime "~1.2.11"

type-is@~1.1.0:
  version "1.1.0"
  resolved "https://registry.yarnpkg.com/type-is/-/type-is-1.1.0.tgz#d0245ec8b2676668d59dd0cf3255060676a57db6"
  dependencies:
    mime "~1.2.11"

uglify-js@~2.2.5:
  version "2.2.5"
  resolved "https://registry.yarnpkg.com/uglify-js/-/uglify-js-2.2.5.tgz#a6e02a70d839792b9780488b7b8b184c095c99c7"
  dependencies:
    optimist "~0.3.5"
    source-map "~0.1.7"

uglify-js@~2.4.0, uglify-js@~2.4.12:
  version "2.4.24"
  resolved "https://registry.yarnpkg.com/uglify-js/-/uglify-js-2.4.24.tgz#fad5755c1e1577658bb06ff9ab6e548c95bebd6e"
  dependencies:
    async "~0.2.6"
    source-map "0.1.34"
    uglify-to-browserify "~1.0.0"
    yargs "~3.5.4"

uglify-to-browserify@~1.0.0:
  version "1.0.2"
  resolved "https://registry.yarnpkg.com/uglify-to-browserify/-/uglify-to-browserify-1.0.2.tgz#6e0924d6bda6b5afe349e39a6d632850a0f882b7"

utils-merge@1.0.0:
  version "1.0.0"
  resolved "https://registry.yarnpkg.com/utils-merge/-/utils-merge-1.0.0.tgz#0294fb922bb9375153541c4f7096231f287c8af8"

window-size@0.1.0:
  version "0.1.0"
  resolved "https://registry.yarnpkg.com/window-size/-/window-size-0.1.0.tgz#5438cd2ea93b202efa3a19fe8887aee7c94f9c9d"

with@~3.0.0:
  version "3.0.1"
  resolved "https://registry.yarnpkg.com/with/-/with-3.0.1.tgz#08354da410243cf6173fb142bb04e6c66f96f854"
  dependencies:
    uglify-js "~2.4.12"

wordwrap@0.0.2:
  version "0.0.2"
  resolved "https://registry.yarnpkg.com/wordwrap/-/wordwrap-0.0.2.tgz#b79669bb42ecb409f83d583cad52ca17eaa1643f"

wordwrap@~0.0.2:
  version "0.0.3"
  resolved "https://registry.yarnpkg.com/wordwrap/-/wordwrap-0.0.3.tgz#a3d5da6cd5c0bc0008d37234bbaf1bed63059107"

yargs@~3.5.4:
  version "3.5.4"
  resolved "https://registry.yarnpkg.com/yargs/-/yargs-3.5.4.tgz#d8aff8f665e94c34bd259bdebd1bfaf0ddd35361"
  dependencies:
    camelcase "^1.0.2"
    decamelize "^1.0.0"
    window-size "0.1.0"
    wordwrap "0.0.2"
